<Solution>
  <Folder Name="/Core/">
    <Project Path="src/Core/ConvenienceStore.Application/ConvenienceStore.Application.csproj" />
    <Project Path="src/Core/ConvenienceStore.Domain/ConvenienceStore.Domain.csproj" />
  </Folder>
  <Folder Name="/External/">
    <Project Path="src/External/ConvenienceStore.Infrastructure/ConvenienceStore.Infrastructure.csproj" />
    <Project Path="src/External/ConvenienceStore.Persistence/ConvenienceStore.Persistence.csproj" />
  </Folder>
  <Folder Name="/Shared/">
    <Project Path="src/Shared/ConvenienceStore.Contract/ConvenienceStore.Contract.csproj" />
  </Folder>
  <Project Path="src/ConvenienceStore.API/ConvenienceStore.API.csproj" />
</Solution>
